{
  "nodes": {
    "nixpkgs": {
      "locked": {
        "lastModified": 1745548790,
        "narHash": "sha256-hQ7qPsFM+FTCcx/AIg4OOeUFTV1i/4LOAXmtN2/2wOY=",
        "owner": "NixOS",
        "repo": "nixpkgs",
        "rev": "e406066f94d2cb4a17d708f99bcb892ec2934e12",
        "type": "github"
      },
      "original": {
        "owner": "NixOS",
        "repo": "nixpkgs",
        "type": "github"
      }
    },
    "root": {
      "inputs": {
        "nixpkgs": "nixpkgs"
      }
    }
  },
  "root": "root",
  "version": 7
}
